{
  "name": "cli-cockpit",
  "version": "0.1.0",
  "lockfileVersion": 3,
  "requires": true,
  "packages": {
    "": {
      "name": "cli-cockpit",
      "version": "0.1.0",
      "cpu": [
        "x64",
        "arm64"
      ],
      "hasInstallScript": true,
      "license": "MIT",
      "os": [
        "darwin",
        "linux"
      ],
      "bin": {
        "cockpit": "bin/port.cjs",
        "cli-cockpit": "bin/port.cjs",
        "port": "bin/port.cjs",
        "portledger": "bin/port.cjs"
      }
    }
  }
}
